
Microsoft Visual Studio Solution File, Format Version 12.00
# Visual Studio Version 17
VisualStudioVersion = 17.4.33110.190
MinimumVisualStudioVersion = 10.0.40219.1
Project("{FAE04EC0-301F-11D3-BF4B-00C04F79EFBC}") = "Grafico", "Grafico.csproj", "{64F978EF-6803-4A3E-A569-3D5EFF10719E}"
EndProject
Global
	GlobalSection(SolutionConfigurationPlatforms) = preSolution
		Debug|Any CPU = Debug|Any CPU
		Release|Any CPU = Release|Any CPU
	EndGlobalSection
	GlobalSection(ProjectConfigurationPlatforms) = postSolution
		{64F978EF-6803-4A3E-A569-3D5EFF10719E}.Debug|Any CPU.ActiveCfg = Debug|Any CPU
		{64F978EF-6803-4A3E-A569-3D5EFF10719E}.Debug|Any CPU.Build.0 = Debug|Any CPU
		{64F978EF-6803-4A3E-A569-3D5EFF10719E}.Release|Any CPU.ActiveCfg = Release|Any CPU
		{64F978EF-6803-4A3E-A569-3D5EFF10719E}.Release|Any CPU.Build.0 = Release|Any CPU
	EndGlobalSection
	GlobalSection(SolutionProperties) = preSolution
		HideSolutionNode = FALSE
	EndGlobalSection
	GlobalSection(ExtensibilityGlobals) = postSolution
		SolutionGuid = {EEF2CE0A-2F1C-460C-911B-80EC9C0DCB1B}
	EndGlobalSection
EndGlobal
